
Microsoft Visual Studio Solution File, Format Version 12.00
# Visual Studio 15
VisualStudioVersion = 15.0.28306.52
MinimumVisualStudioVersion = 10.0.40219.1
Project("{8BC9CEB8-8B4A-11D0-8D11-00A0C91BC942}") = "fat32format", "fat32format.vcxproj", "{568C331C-2776-4EE1-A2C6-CEDF11F5D4E5}"
EndProject
Global
	GlobalSection(SolutionConfigurationPlatforms) = preSolution
		Debug|x86 = Debug|x86
		Release|x86 = Release|x86
	EndGlobalSection
	GlobalSection(ProjectConfigurationPlatforms) = postSolution
		{568C331C-2776-4EE1-A2C6-CEDF11F5D4E5}.Debug|x86.ActiveCfg = Debug|Win32
		{568C331C-2776-4EE1-A2C6-CEDF11F5D4E5}.Debug|x86.Build.0 = Debug|Win32
		{568C331C-2776-4EE1-A2C6-CEDF11F5D4E5}.Release|x86.ActiveCfg = Release|Win32
		{568C331C-2776-4EE1-A2C6-CEDF11F5D4E5}.Release|x86.Build.0 = Release|Win32
	EndGlobalSection
	GlobalSection(SolutionProperties) = preSolution
		HideSolutionNode = FALSE
	EndGlobalSection
	GlobalSection(ExtensibilityGlobals) = postSolution
		SolutionGuid = {ECA92B69-47F1-4204-8D02-F620DE37D5F3}
	EndGlobalSection
EndGlobal
